
Microsoft Visual Studio Solution File, Format Version 12.00
# Visual Studio 15
VisualStudioVersion = 15.0.28010.2036
MinimumVisualStudioVersion = 10.0.40219.1
Project("{9A19103F-16F7-4668-BE54-9A1E7A4F7556}") = "FFBStats.Business", "FFBStats.Business\FFBStats.Business.csproj", "{0B79CB06-6264-481E-A901-7C15760BE004}"
EndProject
Project("{9A19103F-16F7-4668-BE54-9A1E7A4F7556}") = "FFBStats.Model", "FFBStats.Model\FFBStats.Model.csproj", "{468A2835-9D09-4623-A391-937595A0AE20}"
EndProject
Project("{9A19103F-16F7-4668-BE54-9A1E7A4F7556}") = "FFBStats.Web", "FFBStats.Web\FFBStats.Web.csproj", "{472D389D-F38C-4733-9924-25E428663B20}"
EndProject
Project("{9A19103F-16F7-4668-BE54-9A1E7A4F7556}") = "YahooFantasyWrapper", "YahooFantasyWrapper\YahooFantasyWrapper.csproj", "{13CE8A66-C2E0-473D-A59D-851DF9EB67BA}"
EndProject
Global
	GlobalSection(SolutionConfigurationPlatforms) = preSolution
		Debug|Any CPU = Debug|Any CPU
		Release|Any CPU = Release|Any CPU
	EndGlobalSection
	GlobalSection(ProjectConfigurationPlatforms) = postSolution
		{0B79CB06-6264-481E-A901-7C15760BE004}.Debug|Any CPU.ActiveCfg = Debug|Any CPU
		{0B79CB06-6264-481E-A901-7C15760BE004}.Debug|Any CPU.Build.0 = Debug|Any CPU
		{0B79CB06-6264-481E-A901-7C15760BE004}.Release|Any CPU.ActiveCfg = Release|Any CPU
		{0B79CB06-6264-481E-A901-7C15760BE004}.Release|Any CPU.Build.0 = Release|Any CPU
		{468A2835-9D09-4623-A391-937595A0AE20}.Debug|Any CPU.ActiveCfg = Debug|Any CPU
		{468A2835-9D09-4623-A391-937595A0AE20}.Debug|Any CPU.Build.0 = Debug|Any CPU
		{468A2835-9D09-4623-A391-937595A0AE20}.Release|Any CPU.ActiveCfg = Release|Any CPU
		{468A2835-9D09-4623-A391-937595A0AE20}.Release|Any CPU.Build.0 = Release|Any CPU
		{472D389D-F38C-4733-9924-25E428663B20}.Debug|Any CPU.ActiveCfg = Debug|Any CPU
		{472D389D-F38C-4733-9924-25E428663B20}.Debug|Any CPU.Build.0 = Debug|Any CPU
		{472D389D-F38C-4733-9924-25E428663B20}.Release|Any CPU.ActiveCfg = Release|Any CPU
		{472D389D-F38C-4733-9924-25E428663B20}.Release|Any CPU.Build.0 = Release|Any CPU
		{13CE8A66-C2E0-473D-A59D-851DF9EB67BA}.Debug|Any CPU.ActiveCfg = Debug|Any CPU
		{13CE8A66-C2E0-473D-A59D-851DF9EB67BA}.Debug|Any CPU.Build.0 = Debug|Any CPU
		{13CE8A66-C2E0-473D-A59D-851DF9EB67BA}.Release|Any CPU.ActiveCfg = Release|Any CPU
		{13CE8A66-C2E0-473D-A59D-851DF9EB67BA}.Release|Any CPU.Build.0 = Release|Any CPU
	EndGlobalSection
	GlobalSection(SolutionProperties) = preSolution
		HideSolutionNode = FALSE
	EndGlobalSection
	GlobalSection(ExtensibilityGlobals) = postSolution
		SolutionGuid = {3E89F19F-7FF1-4485-9EE3-D0F2545AF944}
	EndGlobalSection
EndGlobal
